// !$*UTF8*$!
{
	archiveVersion = 1;
	classes = {
	};
	objectVersion = 50;
	objects = {

/* Begin PBXBuildFile section */
		999712C222772B20007A5220 /* EmojiArtDocumentTableViewController.swift in Sources */ = {isa = PBXBuildFile; fileRef = 999712C122772B20007A5220 /* EmojiArtDocumentTableViewController.swift */; };
		9997130A2279D31F007A5220 /* EmojiCollectionViewCell.swift in Sources */ = {isa = PBXBuildFile; fileRef = 999713092279D31F007A5220 /* EmojiCollectionViewCell.swift */; };
		99971312227C5E48007A5220 /* EmojiArtView+Gestures.swift in Sources */ = {isa = PBXBuildFile; fileRef = 99971311227C5E48007A5220 /* EmojiArtView+Gestures.swift */; };
		99971316227C6722007A5220 /* TextFieldCollectionViewCell.swift in Sources */ = {isa = PBXBuildFile; fileRef = 99971315227C6721007A5220 /* TextFieldCollectionViewCell.swift */; };
		99B124F02283224C00F449E7 /* EmojiArt.swift in Sources */ = {isa = PBXBuildFile; fileRef = 99B124EF2283224C00F449E7 /* EmojiArt.swift */; };
		99D1CC0A2275F71200C51E20 /* AppDelegate.swift in Sources */ = {isa = PBXBuildFile; fileRef = 99D1CC092275F71200C51E20 /* AppDelegate.swift */; };
		99D1CC0F2275F71200C51E20 /* Main.storyboard in Resources */ = {isa = PBXBuildFile; fileRef = 99D1CC0D2275F71200C51E20 /* Main.storyboard */; };
		99D1CC112275F71500C51E20 /* Assets.xcassets in Resources */ = {isa = PBXBuildFile; fileRef = 99D1CC102275F71500C51E20 /* Assets.xcassets */; };
		99D1CC142275F71500C51E20 /* LaunchScreen.storyboard in Resources */ = {isa = PBXBuildFile; fileRef = 99D1CC122275F71500C51E20 /* LaunchScreen.storyboard */; };
		99D1CC1C2275F8AB00C51E20 /* EmojiArtViewController.swift in Sources */ = {isa = PBXBuildFile; fileRef = 99D1CC1B2275F8AB00C51E20 /* EmojiArtViewController.swift */; };
		99D1CC1E2275F97800C51E20 /* EmojiArtView.swift in Sources */ = {isa = PBXBuildFile; fileRef = 99D1CC1D2275F97800C51E20 /* EmojiArtView.swift */; };
		99D1CC20227601D500C51E20 /* Utilities.swift in Sources */ = {isa = PBXBuildFile; fileRef = 99D1CC1F227601D500C51E20 /* Utilities.swift */; };
/* End PBXBuildFile section */

/* Begin PBXFileReference section */
		999712C122772B20007A5220 /* EmojiArtDocumentTableViewController.swift */ = {isa = PBXFileReference; lastKnownFileType = sourcecode.swift; path = EmojiArtDocumentTableViewController.swift; sourceTree = "<group>"; };
		999713092279D31F007A5220 /* EmojiCollectionViewCell.swift */ = {isa = PBXFileReference; lastKnownFileType = sourcecode.swift; path = EmojiCollectionViewCell.swift; sourceTree = "<group>"; };
		99971311227C5E48007A5220 /* EmojiArtView+Gestures.swift */ = {isa = PBXFileReference; lastKnownFileType = sourcecode.swift; path = "EmojiArtView+Gestures.swift"; sourceTree = "<group>"; };
		99971315227C6721007A5220 /* TextFieldCollectionViewCell.swift */ = {isa = PBXFileReference; lastKnownFileType = sourcecode.swift; path = TextFieldCollectionViewCell.swift; sourceTree = "<group>"; };
		99B124EF2283224C00F449E7 /* EmojiArt.swift */ = {isa = PBXFileReference; lastKnownFileType = sourcecode.swift; path = EmojiArt.swift; sourceTree = "<group>"; };
		99D1CC062275F71200C51E20 /* EmojiArt.app */ = {isa = PBXFileReference; explicitFileType = wrapper.application; includeInIndex = 0; path = EmojiArt.app; sourceTree = BUILT_PRODUCTS_DIR; };
		99D1CC092275F71200C51E20 /* AppDelegate.swift */ = {isa = PBXFileReference; lastKnownFileType = sourcecode.swift; path = AppDelegate.swift; sourceTree = "<group>"; };
		99D1CC0E2275F71200C51E20 /* Base */ = {isa = PBXFileReference; lastKnownFileType = file.storyboard; name = Base; path = Base.lproj/Main.storyboard; sourceTree = "<group>"; };
		99D1CC102275F71500C51E20 /* Assets.xcassets */ = {isa = PBXFileReference; lastKnownFileType = folder.assetcatalog; path = Assets.xcassets; sourceTree = "<group>"; };
		99D1CC132275F71500C51E20 /* Base */ = {isa = PBXFileReference; lastKnownFileType = file.storyboard; name = Base; path = Base.lproj/LaunchScreen.storyboard; sourceTree = "<group>"; };
		99D1CC152275F71500C51E20 /* Info.plist */ = {isa = PBXFileReference; lastKnownFileType = text.plist.xml; path = Info.plist; sourceTree = "<group>"; };
		99D1CC1B2275F8AB00C51E20 /* EmojiArtViewController.swift */ = {isa = PBXFileReference; lastKnownFileType = sourcecode.swift; path = EmojiArtViewController.swift; sourceTree = "<group>"; };
		99D1CC1D2275F97800C51E20 /* EmojiArtView.swift */ = {isa = PBXFileReference; lastKnownFileType = sourcecode.swift; path = EmojiArtView.swift; sourceTree = "<group>"; };
		99D1CC1F227601D500C51E20 /* Utilities.swift */ = {isa = PBXFileReference; lastKnownFileType = sourcecode.swift; path = Utilities.swift; sourceTree = "<group>"; };
/* End PBXFileReference section */

/* Begin PBXFrameworksBuildPhase section */
		99D1CC032275F71200C51E20 /* Frameworks */ = {
			isa = PBXFrameworksBuildPhase;
			buildActionMask = 2147483647;
			files = (
			);
			runOnlyForDeploymentPostprocessing = 0;
		};
/* End PBXFrameworksBuildPhase section */

/* Begin PBXGroup section */
		99B124EE228321C300F449E7 /* Supporting files */ = {
			isa = PBXGroup;
			children = (
				99D1CC102275F71500C51E20 /* Assets.xcassets */,
				99971311227C5E48007A5220 /* EmojiArtView+Gestures.swift */,
				99D1CC122275F71500C51E20 /* LaunchScreen.storyboard */,
				99D1CC1F227601D500C51E20 /* Utilities.swift */,
				99D1CC092275F71200C51E20 /* AppDelegate.swift */,
			);
			path = "Supporting files";
			sourceTree = "<group>";
		};
		99D1CBFD2275F71200C51E20 = {
			isa = PBXGroup;
			children = (
				99D1CC082275F71200C51E20 /* EmojiArt */,
				99D1CC072275F71200C51E20 /* Products */,
			);
			sourceTree = "<group>";
		};
		99D1CC072275F71200C51E20 /* Products */ = {
			isa = PBXGroup;
			children = (
				99D1CC062275F71200C51E20 /* EmojiArt.app */,
			);
			name = Products;
			sourceTree = "<group>";
		};
		99D1CC082275F71200C51E20 /* EmojiArt */ = {
			isa = PBXGroup;
			children = (
				99D1CC152275F71500C51E20 /* Info.plist */,
				99B124EE228321C300F449E7 /* Supporting files */,
				999713092279D31F007A5220 /* EmojiCollectionViewCell.swift */,
				99D1CC0D2275F71200C51E20 /* Main.storyboard */,
				99D1CC1D2275F97800C51E20 /* EmojiArtView.swift */,
				999712C122772B20007A5220 /* EmojiArtDocumentTableViewController.swift */,
				99D1CC1B2275F8AB00C51E20 /* EmojiArtViewController.swift */,
				99B124EF2283224C00F449E7 /* EmojiArt.swift */,
				99971315227C6721007A5220 /* TextFieldCollectionViewCell.swift */,
			);
			path = EmojiArt;
			sourceTree = "<group>";
		};
/* End PBXGroup section */

/* Begin PBXNativeTarget section */
		99D1CC052275F71200C51E20 /* EmojiArt */ = {
			isa = PBXNativeTarget;
			buildConfigurationList = 99D1CC182275F71500C51E20 /* Build configuration list for PBXNativeTarget "EmojiArt" */;
			buildPhases = (
				99D1CC022275F71200C51E20 /* Sources */,
				99D1CC032275F71200C51E20 /* Frameworks */,
				99D1CC042275F71200C51E20 /* Resources */,
			);
			buildRules = (
			);
			dependencies = (
			);
			name = EmojiArt;
			productName = EmojiArt;
			productReference = 99D1CC062275F71200C51E20 /* EmojiArt.app */;
			productType = "com.apple.product-type.application";
		};
/* End PBXNativeTarget section */

/* Begin PBXProject section */
		99D1CBFE2275F71200C51E20 /* Project object */ = {
			isa = PBXProject;
			attributes = {
				LastSwiftUpdateCheck = 1020;
				LastUpgradeCheck = 1020;
				ORGANIZATIONNAME = Alevtina;
				TargetAttributes = {
					99D1CC052275F71200C51E20 = {
						CreatedOnToolsVersion = 10.2.1;
					};
				};
			};
			buildConfigurationList = 99D1CC012275F71200C51E20 /* Build configuration list for PBXProject "EmojiArt" */;
			compatibilityVersion = "Xcode 9.3";
			developmentRegion = en;
			hasScannedForEncodings = 0;
			knownRegions = (
				en,
				Base,
			);
			mainGroup = 99D1CBFD2275F71200C51E20;
			productRefGroup = 99D1CC072275F71200C51E20 /* Products */;
			projectDirPath = "";
			projectRoot = "";
			targets = (
				99D1CC052275F71200C51E20 /* EmojiArt */,
			);
		};
/* End PBXProject section */

/* Begin PBXResourcesBuildPhase section */
		99D1CC042275F71200C51E20 /* Resources */ = {
			isa = PBXResourcesBuildPhase;
			buildActionMask = 2147483647;
			files = (
				99D1CC142275F71500C51E20 /* LaunchScreen.storyboard in Resources */,
				99D1CC112275F71500C51E20 /* Assets.xcassets in Resources */,
				99D1CC0F2275F71200C51E20 /* Main.storyboard in Resources */,
			);
			runOnlyForDeploymentPostprocessing = 0;
		};
/* End PBXResourcesBuildPhase section */

/* Begin PBXSourcesBuildPhase section */
		99D1CC022275F71200C51E20 /* Sources */ = {
			isa = PBXSourcesBuildPhase;
			buildActionMask = 2147483647;
			files = (
				99B124F02283224C00F449E7 /* EmojiArt.swift in Sources */,
				99D1CC0A2275F71200C51E20 /* AppDelegate.swift in Sources */,
				99971312227C5E48007A5220 /* EmojiArtView+Gestures.swift in Sources */,
				9997130A2279D31F007A5220 /* EmojiCollectionViewCell.swift in Sources */,
				99D1CC1C2275F8AB00C51E20 /* EmojiArtViewController.swift in Sources */,
				99971316227C6722007A5220 /* TextFieldCollectionViewCell.swift in Sources */,
				99D1CC20227601D500C51E20 /* Utilities.swift in Sources */,
				999712C222772B20007A5220 /* EmojiArtDocumentTableViewController.swift in Sources */,
				99D1CC1E2275F97800C51E20 /* EmojiArtView.swift in Sources */,
			);
			runOnlyForDeploymentPostprocessing = 0;
		};
/* End PBXSourcesBuildPhase section */

/* Begin PBXVariantGroup section */
		99D1CC0D2275F71200C51E20 /* Main.storyboard */ = {
			isa = PBXVariantGroup;
			children = (
				99D1CC0E2275F71200C51E20 /* Base */,
			);
			name = Main.storyboard;
			sourceTree = "<group>";
		};
		99D1CC122275F71500C51E20 /* LaunchScreen.storyboard */ = {
			isa = PBXVariantGroup;
			children = (
				99D1CC132275F71500C51E20 /* Base */,
			);
			name = LaunchScreen.storyboard;
			sourceTree = "<group>";
		};
/* End PBXVariantGroup section */

/* Begin XCBuildConfiguration section */
		99D1CC162275F71500C51E20 /* Debug */ = {
			isa = XCBuildConfiguration;
			buildSettings = {
				ALWAYS_SEARCH_USER_PATHS = NO;
				CLANG_ANALYZER_NONNULL = YES;
				CLANG_ANALYZER_NUMBER_OBJECT_CONVERSION = YES_AGGRESSIVE;
				CLANG_CXX_LANGUAGE_STANDARD = "gnu++14";
				CLANG_CXX_LIBRARY = "libc++";
				CLANG_ENABLE_MODULES = YES;
				CLANG_ENABLE_OBJC_ARC = YES;
				CLANG_ENABLE_OBJC_WEAK = YES;
				CLANG_WARN_BLOCK_CAPTURE_AUTORELEASING = YES;
				CLANG_WARN_BOOL_CONVERSION = YES;
				CLANG_WARN_COMMA = YES;
				CLANG_WARN_CONSTANT_CONVERSION = YES;
				CLANG_WARN_DEPRECATED_OBJC_IMPLEMENTATIONS = YES;
				CLANG_WARN_DIRECT_OBJC_ISA_USAGE = YES_ERROR;
				CLANG_WARN_DOCUMENTATION_COMMENTS = YES;
				CLANG_WARN_EMPTY_BODY = YES;
				CLANG_WARN_ENUM_CONVERSION = YES;
				CLANG_WARN_INFINITE_RECURSION = YES;
				CLANG_WARN_INT_CONVERSION = YES;
				CLANG_WARN_NON_LITERAL_NULL_CONVERSION = YES;
				CLANG_WARN_OBJC_IMPLICIT_RETAIN_SELF = YES;
				CLANG_WARN_OBJC_LITERAL_CONVERSION = YES;
				CLANG_WARN_OBJC_ROOT_CLASS = YES_ERROR;
				CLANG_WARN_RANGE_LOOP_ANALYSIS = YES;
				CLANG_WARN_STRICT_PROTOTYPES = YES;
				CLANG_WARN_SUSPICIOUS_MOVE = YES;
				CLANG_WARN_UNGUARDED_AVAILABILITY = YES_AGGRESSIVE;
				CLANG_WARN_UNREACHABLE_CODE = YES;
				CLANG_WARN__DUPLICATE_METHOD_MATCH = YES;
				CODE_SIGN_IDENTITY = "iPhone Developer";
				COPY_PHASE_STRIP = NO;
				DEBUG_INFORMATION_FORMAT = dwarf;
				ENABLE_STRICT_OBJC_MSGSEND = YES;
				ENABLE_TESTABILITY = YES;
				GCC_C_LANGUAGE_STANDARD = gnu11;
				GCC_DYNAMIC_NO_PIC = NO;
				GCC_NO_COMMON_BLOCKS = YES;
				GCC_OPTIMIZATION_LEVEL = 0;
				GCC_PREPROCESSOR_DEFINITIONS = (
					"DEBUG=1",
					"$(inherited)",
				);
				GCC_WARN_64_TO_32_BIT_CONVERSION = YES;
				GCC_WARN_ABOUT_RETURN_TYPE = YES_ERROR;
				GCC_WARN_UNDECLARED_SELECTOR = YES;
				GCC_WARN_UNINITIALIZED_AUTOS = YES_AGGRESSIVE;
				GCC_WARN_UNUSED_FUNCTION = YES;
				GCC_WARN_UNUSED_VARIABLE = YES;
				IPHONEOS_DEPLOYMENT_TARGET = 12.2;
				MTL_ENABLE_DEBUG_INFO = INCLUDE_SOURCE;
				MTL_FAST_MATH = YES;
				ONLY_ACTIVE_ARCH = YES;
				SDKROOT = iphoneos;
				SWIFT_ACTIVE_COMPILATION_CONDITIONS = DEBUG;
				SWIFT_OPTIMIZATION_LEVEL = "-Onone";
			};
			name = Debug;
		};
		99D1CC172275F71500C51E20 /* Release */ = {
			isa = XCBuildConfiguration;
			buildSettings = {
				ALWAYS_SEARCH_USER_PATHS = NO;
				CLANG_ANALYZER_NONNULL = YES;
				CLANG_ANALYZER_NUMBER_OBJECT_CONVERSION = YES_AGGRESSIVE;
				CLANG_CXX_LANGUAGE_STANDARD = "gnu++14";
				CLANG_CXX_LIBRARY = "libc++";
				CLANG_ENABLE_MODULES = YES;
				CLANG_ENABLE_OBJC_ARC = YES;
				CLANG_ENABLE_OBJC_WEAK = YES;
				CLANG_WARN_BLOCK_CAPTURE_AUTORELEASING = YES;
				CLANG_WARN_BOOL_CONVERSION = YES;
				CLANG_WARN_COMMA = YES;
				CLANG_WARN_CONSTANT_CONVERSION = YES;
				CLANG_WARN_DEPRECATED_OBJC_IMPLEMENTATIONS = YES;
				CLANG_WARN_DIRECT_OBJC_ISA_USAGE = YES_ERROR;
				CLANG_WARN_DOCUMENTATION_COMMENTS = YES;
				CLANG_WARN_EMPTY_BODY = YES;
				CLANG_WARN_ENUM_CONVERSION = YES;
				CLANG_WARN_INFINITE_RECURSION = YES;
				CLANG_WARN_INT_CONVERSION = YES;
				CLANG_WARN_NON_LITERAL_NULL_CONVERSION = YES;
				CLANG_WARN_OBJC_IMPLICIT_RETAIN_SELF = YES;
				CLANG_WARN_OBJC_LITERAL_CONVERSION = YES;
				CLANG_WARN_OBJC_ROOT_CLASS = YES_ERROR;
				CLANG_WARN_RANGE_LOOP_ANALYSIS = YES;
				CLANG_WARN_STRICT_PROTOTYPES = YES;
				CLANG_WARN_SUSPICIOUS_MOVE = YES;
				CLANG_WARN_UNGUARDED_AVAILABILITY = YES_AGGRESSIVE;
				CLANG_WARN_UNREACHABLE_CODE = YES;
				CLANG_WARN__DUPLICATE_METHOD_MATCH = YES;
				CODE_SIGN_IDENTITY = "iPhone Developer";
				COPY_PHASE_STRIP = NO;
				DEBUG_INFORMATION_FORMAT = "dwarf-with-dsym";
				ENABLE_NS_ASSERTIONS = NO;
				ENABLE_STRICT_OBJC_MSGSEND = YES;
				GCC_C_LANGUAGE_STANDARD = gnu11;
				GCC_NO_COMMON_BLOCKS = YES;
				GCC_WARN_64_TO_32_BIT_CONVERSION = YES;
				GCC_WARN_ABOUT_RETURN_TYPE = YES_ERROR;
				GCC_WARN_UNDECLARED_SELECTOR = YES;
				GCC_WARN_UNINITIALIZED_AUTOS = YES_AGGRESSIVE;
				GCC_WARN_UNUSED_FUNCTION = YES;
				GCC_WARN_UNUSED_VARIABLE = YES;
				IPHONEOS_DEPLOYMENT_TARGET = 12.2;
				MTL_ENABLE_DEBUG_INFO = NO;
				MTL_FAST_MATH = YES;
				SDKROOT = iphoneos;
				SWIFT_COMPILATION_MODE = wholemodule;
				SWIFT_OPTIMIZATION_LEVEL = "-O";
				VALIDATE_PRODUCT = YES;
			};
			name = Release;
		};
		99D1CC192275F71500C51E20 /* Debug */ = {
			isa = XCBuildConfiguration;
			buildSettings = {
				ASSETCATALOG_COMPILER_APPICON_NAME = AppIcon;
				CODE_SIGN_STYLE = Automatic;
				DEVELOPMENT_TEAM = 9F7853B85Y;
				INFOPLIST_FILE = EmojiArt/Info.plist;
				LD_RUNPATH_SEARCH_PATHS = (
					"$(inherited)",
					"@executable_path/Frameworks",
				);
				PRODUCT_BUNDLE_IDENTIFIER = alevtina.EmojiArt;
				PRODUCT_NAME = "$(TARGET_NAME)";
				SWIFT_VERSION = 5.0;
				TARGETED_DEVICE_FAMILY = "1,2";
			};
			name = Debug;
		};
		99D1CC1A2275F71500C51E20 /* Release */ = {
			isa = XCBuildConfiguration;
			buildSettings = {
				ASSETCATALOG_COMPILER_APPICON_NAME = AppIcon;
				CODE_SIGN_STYLE = Automatic;
				DEVELOPMENT_TEAM = 9F7853B85Y;
				INFOPLIST_FILE = EmojiArt/Info.plist;
				LD_RUNPATH_SEARCH_PATHS = (
					"$(inherited)",
					"@executable_path/Frameworks",
				);
				PRODUCT_BUNDLE_IDENTIFIER = alevtina.EmojiArt;
				PRODUCT_NAME = "$(TARGET_NAME)";
				SWIFT_VERSION = 5.0;
				TARGETED_DEVICE_FAMILY = "1,2";
			};
			name = Release;
		};
/* End XCBuildConfiguration section */

/* Begin XCConfigurationList section */
		99D1CC012275F71200C51E20 /* Build configuration list for PBXProject "EmojiArt" */ = {
			isa = XCConfigurationList;
			buildConfigurations = (
				99D1CC162275F71500C51E20 /* Debug */,
				99D1CC172275F71500C51E20 /* Release */,
			);
			defaultConfigurationIsVisible = 0;
			defaultConfigurationName = Release;
		};
		99D1CC182275F71500C51E20 /* Build configuration list for PBXNativeTarget "EmojiArt" */ = {
			isa = XCConfigurationList;
			buildConfigurations = (
				99D1CC192275F71500C51E20 /* Debug */,
				99D1CC1A2275F71500C51E20 /* Release */,
			);
			defaultConfigurationIsVisible = 0;
			defaultConfigurationName = Release;
		};
/* End XCConfigurationList section */
	};
	rootObject = 99D1CBFE2275F71200C51E20 /* Project object */;
}
